
Microsoft Visual Studio Solution File, Format Version 12.00
# Visual Studio Version 17
VisualStudioVersion = 17.6.33801.468
MinimumVisualStudioVersion = 10.0.40219.1
Project("{9A19103F-16F7-4668-BE54-9A1E7A4F7556}") = "CRUD_ESTUDANTES", "CRUD_ESTUDANTES.csproj", "{AF3923B4-658E-4C8A-97C7-9DA9FB238239}"
EndProject
Global
	GlobalSection(SolutionConfigurationPlatforms) = preSolution
		Debug|Any CPU = Debug|Any CPU
		Release|Any CPU = Release|Any CPU
	EndGlobalSection
	GlobalSection(ProjectConfigurationPlatforms) = postSolution
		{AF3923B4-658E-4C8A-97C7-9DA9FB238239}.Debug|Any CPU.ActiveCfg = Debug|Any CPU
		{AF3923B4-658E-4C8A-97C7-9DA9FB238239}.Debug|Any CPU.Build.0 = Debug|Any CPU
		{AF3923B4-658E-4C8A-97C7-9DA9FB238239}.Release|Any CPU.ActiveCfg = Release|Any CPU
		{AF3923B4-658E-4C8A-97C7-9DA9FB238239}.Release|Any CPU.Build.0 = Release|Any CPU
	EndGlobalSection
	GlobalSection(SolutionProperties) = preSolution
		HideSolutionNode = FALSE
	EndGlobalSection
	GlobalSection(ExtensibilityGlobals) = postSolution
		SolutionGuid = {A163ABEE-1D55-47C0-900E-8039428E503E}
	EndGlobalSection
EndGlobal
